
Microsoft Visual Studio Solution File, Format Version 12.00
# Visual Studio Version 17
VisualStudioVersion = 17.11.35327.3
MinimumVisualStudioVersion = 10.0.40219.1
Project("{2150E333-8FDC-42A3-9474-1A3956D46DE8}") = "src", "src", "{1C29AFCE-DCB1-4FCE-AAB5-C73C8993AF87}"
EndProject
Project("{9A19103F-16F7-4668-BE54-9A1E7A4F7556}") = "Common", "Common\Common.csproj", "{D62559A7-6980-4D67-BC61-93A1E4870767}"
EndProject
Project("{2150E333-8FDC-42A3-9474-1A3956D46DE8}") = "Common", "Common", "{4BF809B5-B80B-4C5E-AC54-D2C21E495C94}"
EndProject
Project("{9A19103F-16F7-4668-BE54-9A1E7A4F7556}") = "Ingest.Api", "Ingest.Api\Ingest.Api.csproj", "{3541211C-91DA-44E1-A64F-C6F4AF76FB97}"
EndProject
Project("{9A19103F-16F7-4668-BE54-9A1E7A4F7556}") = "Transformer.Worker", "Transformer.Worker\Transformer.Worker.csproj", "{D392E32B-CCB0-4B1B-B11C-D7C3E5D0EE7E}"
EndProject
Project("{9A19103F-16F7-4668-BE54-9A1E7A4F7556}") = "Loader.Sql", "Loader.Sql\Loader.Sql.csproj", "{C596166D-26EE-4B79-9DBF-72B7AB0ADD71}"
EndProject
Project("{FAE04EC0-301F-11D3-BF4B-00C04F79EFBC}") = "Loader.Worker", "Loader.Worker\Loader.Worker.csproj", "{A4B734E5-021C-4511-B28C-ABA84A170F17}"
EndProject
Global
	GlobalSection(SolutionConfigurationPlatforms) = preSolution
		Debug|Any CPU = Debug|Any CPU
		Release|Any CPU = Release|Any CPU
	EndGlobalSection
	GlobalSection(ProjectConfigurationPlatforms) = postSolution
		{D62559A7-6980-4D67-BC61-93A1E4870767}.Debug|Any CPU.ActiveCfg = Debug|Any CPU
		{D62559A7-6980-4D67-BC61-93A1E4870767}.Debug|Any CPU.Build.0 = Debug|Any CPU
		{D62559A7-6980-4D67-BC61-93A1E4870767}.Release|Any CPU.ActiveCfg = Release|Any CPU
		{D62559A7-6980-4D67-BC61-93A1E4870767}.Release|Any CPU.Build.0 = Release|Any CPU
		{3541211C-91DA-44E1-A64F-C6F4AF76FB97}.Debug|Any CPU.ActiveCfg = Debug|Any CPU
		{3541211C-91DA-44E1-A64F-C6F4AF76FB97}.Debug|Any CPU.Build.0 = Debug|Any CPU
		{3541211C-91DA-44E1-A64F-C6F4AF76FB97}.Release|Any CPU.ActiveCfg = Release|Any CPU
		{3541211C-91DA-44E1-A64F-C6F4AF76FB97}.Release|Any CPU.Build.0 = Release|Any CPU
		{D392E32B-CCB0-4B1B-B11C-D7C3E5D0EE7E}.Debug|Any CPU.ActiveCfg = Debug|Any CPU
		{D392E32B-CCB0-4B1B-B11C-D7C3E5D0EE7E}.Debug|Any CPU.Build.0 = Debug|Any CPU
		{D392E32B-CCB0-4B1B-B11C-D7C3E5D0EE7E}.Release|Any CPU.ActiveCfg = Release|Any CPU
		{D392E32B-CCB0-4B1B-B11C-D7C3E5D0EE7E}.Release|Any CPU.Build.0 = Release|Any CPU
		{C596166D-26EE-4B79-9DBF-72B7AB0ADD71}.Debug|Any CPU.ActiveCfg = Debug|Any CPU
		{C596166D-26EE-4B79-9DBF-72B7AB0ADD71}.Debug|Any CPU.Build.0 = Debug|Any CPU
		{C596166D-26EE-4B79-9DBF-72B7AB0ADD71}.Release|Any CPU.ActiveCfg = Release|Any CPU
		{C596166D-26EE-4B79-9DBF-72B7AB0ADD71}.Release|Any CPU.Build.0 = Release|Any CPU
		{A4B734E5-021C-4511-B28C-ABA84A170F17}.Debug|Any CPU.ActiveCfg = Debug|Any CPU
		{A4B734E5-021C-4511-B28C-ABA84A170F17}.Debug|Any CPU.Build.0 = Debug|Any CPU
		{A4B734E5-021C-4511-B28C-ABA84A170F17}.Release|Any CPU.ActiveCfg = Release|Any CPU
		{A4B734E5-021C-4511-B28C-ABA84A170F17}.Release|Any CPU.Build.0 = Release|Any CPU
	EndGlobalSection
	GlobalSection(SolutionProperties) = preSolution
		HideSolutionNode = FALSE
	EndGlobalSection
	GlobalSection(NestedProjects) = preSolution
		{D62559A7-6980-4D67-BC61-93A1E4870767} = {4BF809B5-B80B-4C5E-AC54-D2C21E495C94}
		{4BF809B5-B80B-4C5E-AC54-D2C21E495C94} = {1C29AFCE-DCB1-4FCE-AAB5-C73C8993AF87}
		{3541211C-91DA-44E1-A64F-C6F4AF76FB97} = {1C29AFCE-DCB1-4FCE-AAB5-C73C8993AF87}
		{D392E32B-CCB0-4B1B-B11C-D7C3E5D0EE7E} = {1C29AFCE-DCB1-4FCE-AAB5-C73C8993AF87}
		{C596166D-26EE-4B79-9DBF-72B7AB0ADD71} = {1C29AFCE-DCB1-4FCE-AAB5-C73C8993AF87}
		{A4B734E5-021C-4511-B28C-ABA84A170F17} = {1C29AFCE-DCB1-4FCE-AAB5-C73C8993AF87}
	EndGlobalSection
	GlobalSection(ExtensibilityGlobals) = postSolution
		SolutionGuid = {9B6108A7-EF52-4964-A0DF-7C350996D7B0}
	EndGlobalSection
EndGlobal
